// !$*UTF8*$!
{
	archiveVersion = 1;
	classes = {
	};
	objectVersion = 77;
	objects = {

/* Begin PBXContainerItemProxy section */
		F16384762D4CE8F8002F426A /* PBXContainerItemProxy */ = {
			isa = PBXContainerItemProxy;
			containerPortal = F16384572D4CE8F6002F426A /* Project object */;
			proxyType = 1;
			remoteGlobalIDString = F163845E2D4CE8F6002F426A;
			remoteInfo = 1D1S;
		};
		F16384802D4CE8F8002F426A /* PBXContainerItemProxy */ = {
			isa = PBXContainerItemProxy;
			containerPortal = F16384572D4CE8F6002F426A /* Project object */;
			proxyType = 1;
			remoteGlobalIDString = F163845E2D4CE8F6002F426A;
			remoteInfo = 1D1S;
		};
/* End PBXContainerItemProxy section */

/* Begin PBXFileReference section */
		F163845F2D4CE8F6002F426A /* 1D1S.app */ = {isa = PBXFileReference; explicitFileType = wrapper.application; includeInIndex = 0; path = 1D1S.app; sourceTree = BUILT_PRODUCTS_DIR; };
		F16384752D4CE8F8002F426A /* 1D1STests.xctest */ = {isa = PBXFileReference; explicitFileType = wrapper.cfbundle; includeInIndex = 0; path = 1D1STests.xctest; sourceTree = BUILT_PRODUCTS_DIR; };
		F163847F2D4CE8F8002F426A /* 1D1SUITests.xctest */ = {isa = PBXFileReference; explicitFileType = wrapper.cfbundle; includeInIndex = 0; path = 1D1SUITests.xctest; sourceTree = BUILT_PRODUCTS_DIR; };
/* End PBXFileReference section */

/* Begin PBXFileSystemSynchronizedBuildFileExceptionSet section */
		F16384872D4CE8F8002F426A /* Exceptions for "1D1S" folder in "1D1S" target */ = {
			isa = PBXFileSystemSynchronizedBuildFileExceptionSet;
			membershipExceptions = (
				Info.plist,
			);
			target = F163845E2D4CE8F6002F426A /* 1D1S */;
		};
/* End PBXFileSystemSynchronizedBuildFileExceptionSet section */

/* Begin PBXFileSystemSynchronizedRootGroup section */
		F16384612D4CE8F6002F426A /* 1D1S */ = {
			isa = PBXFileSystemSynchronizedRootGroup;
			exceptions = (
				F16384872D4CE8F8002F426A /* Exceptions for "1D1S" folder in "1D1S" target */,
			);
			path = 1D1S;
			sourceTree = "<group>";
		};
		F16384782D4CE8F8002F426A /* 1D1STests */ = {
			isa = PBXFileSystemSynchronizedRootGroup;
			path = 1D1STests;
			sourceTree = "<group>";
		};
		F16384822D4CE8F8002F426A /* 1D1SUITests */ = {
			isa = PBXFileSystemSynchronizedRootGroup;
			path = 1D1SUITests;
			sourceTree = "<group>";
		};
/* End PBXFileSystemSynchronizedRootGroup section */

/* Begin PBXFrameworksBuildPhase section */
		F163845C2D4CE8F6002F426A /* Frameworks */ = {
			isa = PBXFrameworksBuildPhase;
			buildActionMask = 2147483647;
			files = (
			);
			runOnlyForDeploymentPostprocessing = 0;
		};
		F16384722D4CE8F8002F426A /* Frameworks */ = {
			isa = PBXFrameworksBuildPhase;
			buildActionMask = 2147483647;
			files = (
			);
			runOnlyForDeploymentPostprocessing = 0;
		};
		F163847C2D4CE8F8002F426A /* Frameworks */ = {
			isa = PBXFrameworksBuildPhase;
			buildActionMask = 2147483647;
			files = (
			);
			runOnlyForDeploymentPostprocessing = 0;
		};
/* End PBXFrameworksBuildPhase section */

/* Begin PBXGroup section */
		F16384562D4CE8F6002F426A = {
			isa = PBXGroup;
			children = (
				F16384612D4CE8F6002F426A /* 1D1S */,
				F16384782D4CE8F8002F426A /* 1D1STests */,
				F16384822D4CE8F8002F426A /* 1D1SUITests */,
				F16384602D4CE8F6002F426A /* Products */,
			);
			sourceTree = "<group>";
		};
		F16384602D4CE8F6002F426A /* Products */ = {
			isa = PBXGroup;
			children = (
				F163845F2D4CE8F6002F426A /* 1D1S.app */,
				F16384752D4CE8F8002F426A /* 1D1STests.xctest */,
				F163847F2D4CE8F8002F426A /* 1D1SUITests.xctest */,
			);
			name = Products;
			sourceTree = "<group>";
		};
/* End PBXGroup section */

/* Begin PBXNativeTarget section */
		F163845E2D4CE8F6002F426A /* 1D1S */ = {
			isa = PBXNativeTarget;
			buildConfigurationList = F16384882D4CE8F8002F426A /* Build configuration list for PBXNativeTarget "1D1S" */;
			buildPhases = (
				F163845B2D4CE8F6002F426A /* Sources */,
				F163845C2D4CE8F6002F426A /* Frameworks */,
				F163845D2D4CE8F6002F426A /* Resources */,
			);
			buildRules = (
			);
			dependencies = (
			);
			fileSystemSynchronizedGroups = (
				F16384612D4CE8F6002F426A /* 1D1S */,
			);
			name = 1D1S;
			packageProductDependencies = (
			);
			productName = 1D1S;
			productReference = F163845F2D4CE8F6002F426A /* 1D1S.app */;
			productType = "com.apple.product-type.application";
		};
		F16384742D4CE8F8002F426A /* 1D1STests */ = {
			isa = PBXNativeTarget;
			buildConfigurationList = F163848D2D4CE8F8002F426A /* Build configuration list for PBXNativeTarget "1D1STests" */;
			buildPhases = (
				F16384712D4CE8F8002F426A /* Sources */,
				F16384722D4CE8F8002F426A /* Frameworks */,
				F16384732D4CE8F8002F426A /* Resources */,
			);
			buildRules = (
			);
			dependencies = (
				F16384772D4CE8F8002F426A /* PBXTargetDependency */,
			);
			fileSystemSynchronizedGroups = (
				F16384782D4CE8F8002F426A /* 1D1STests */,
			);
			name = 1D1STests;
			packageProductDependencies = (
			);
			productName = 1D1STests;
			productReference = F16384752D4CE8F8002F426A /* 1D1STests.xctest */;
			productType = "com.apple.product-type.bundle.unit-test";
		};
		F163847E2D4CE8F8002F426A /* 1D1SUITests */ = {
			isa = PBXNativeTarget;
			buildConfigurationList = F16384902D4CE8F8002F426A /* Build configuration list for PBXNativeTarget "1D1SUITests" */;
			buildPhases = (
				F163847B2D4CE8F8002F426A /* Sources */,
				F163847C2D4CE8F8002F426A /* Frameworks */,
				F163847D2D4CE8F8002F426A /* Resources */,
			);
			buildRules = (
			);
			dependencies = (
				F16384812D4CE8F8002F426A /* PBXTargetDependency */,
			);
			fileSystemSynchronizedGroups = (
				F16384822D4CE8F8002F426A /* 1D1SUITests */,
			);
			name = 1D1SUITests;
			packageProductDependencies = (
			);
			productName = 1D1SUITests;
			productReference = F163847F2D4CE8F8002F426A /* 1D1SUITests.xctest */;
			productType = "com.apple.product-type.bundle.ui-testing";
		};
/* End PBXNativeTarget section */

/* Begin PBXProject section */
		F16384572D4CE8F6002F426A /* Project object */ = {
			isa = PBXProject;
			attributes = {
				BuildIndependentTargetsInParallel = 1;
				LastSwiftUpdateCheck = 1610;
				LastUpgradeCheck = 1610;
				TargetAttributes = {
					F163845E2D4CE8F6002F426A = {
						CreatedOnToolsVersion = 16.1;
					};
					F16384742D4CE8F8002F426A = {
						CreatedOnToolsVersion = 16.1;
						TestTargetID = F163845E2D4CE8F6002F426A;
					};
					F163847E2D4CE8F8002F426A = {
						CreatedOnToolsVersion = 16.1;
						TestTargetID = F163845E2D4CE8F6002F426A;
					};
				};
			};
			buildConfigurationList = F163845A2D4CE8F6002F426A /* Build configuration list for PBXProject "1D1S" */;
			developmentRegion = en;
			hasScannedForEncodings = 0;
			knownRegions = (
				en,
				Base,
			);
			mainGroup = F16384562D4CE8F6002F426A;
			minimizedProjectReferenceProxies = 1;
			preferredProjectObjectVersion = 77;
			productRefGroup = F16384602D4CE8F6002F426A /* Products */;
			projectDirPath = "";
			projectRoot = "";
			targets = (
				F163845E2D4CE8F6002F426A /* 1D1S */,
				F16384742D4CE8F8002F426A /* 1D1STests */,
				F163847E2D4CE8F8002F426A /* 1D1SUITests */,
			);
		};
/* End PBXProject section */

/* Begin PBXResourcesBuildPhase section */
		F163845D2D4CE8F6002F426A /* Resources */ = {
			isa = PBXResourcesBuildPhase;
			buildActionMask = 2147483647;
			files = (
			);
			runOnlyForDeploymentPostprocessing = 0;
		};
		F16384732D4CE8F8002F426A /* Resources */ = {
			isa = PBXResourcesBuildPhase;
			buildActionMask = 2147483647;
			files = (
			);
			runOnlyForDeploymentPostprocessing = 0;
		};
		F163847D2D4CE8F8002F426A /* Resources */ = {
			isa = PBXResourcesBuildPhase;
			buildActionMask = 2147483647;
			files = (
			);
			runOnlyForDeploymentPostprocessing = 0;
		};
/* End PBXResourcesBuildPhase section */

/* Begin PBXSourcesBuildPhase section */
		F163845B2D4CE8F6002F426A /* Sources */ = {
			isa = PBXSourcesBuildPhase;
			buildActionMask = 2147483647;
			files = (
			);
			runOnlyForDeploymentPostprocessing = 0;
		};
		F16384712D4CE8F8002F426A /* Sources */ = {
			isa = PBXSourcesBuildPhase;
			buildActionMask = 2147483647;
			files = (
			);
			runOnlyForDeploymentPostprocessing = 0;
		};
		F163847B2D4CE8F8002F426A /* Sources */ = {
			isa = PBXSourcesBuildPhase;
			buildActionMask = 2147483647;
			files = (
			);
			runOnlyForDeploymentPostprocessing = 0;
		};
/* End PBXSourcesBuildPhase section */

/* Begin PBXTargetDependency section */
		F16384772D4CE8F8002F426A /* PBXTargetDependency */ = {
			isa = PBXTargetDependency;
			target = F163845E2D4CE8F6002F426A /* 1D1S */;
			targetProxy = F16384762D4CE8F8002F426A /* PBXContainerItemProxy */;
		};
		F16384812D4CE8F8002F426A /* PBXTargetDependency */ = {
			isa = PBXTargetDependency;
			target = F163845E2D4CE8F6002F426A /* 1D1S */;
			targetProxy = F16384802D4CE8F8002F426A /* PBXContainerItemProxy */;
		};
/* End PBXTargetDependency section */

/* Begin XCBuildConfiguration section */
		F16384892D4CE8F8002F426A /* Debug */ = {
			isa = XCBuildConfiguration;
			buildSettings = {
				ASSETCATALOG_COMPILER_APPICON_NAME = AppIcon;
				ASSETCATALOG_COMPILER_GLOBAL_ACCENT_COLOR_NAME = AccentColor;
				CODE_SIGN_STYLE = Automatic;
				CURRENT_PROJECT_VERSION = 1;
				DEVELOPMENT_TEAM = 3GP97WXHSG;
				GENERATE_INFOPLIST_FILE = YES;
				INFOPLIST_FILE = 1D1S/Info.plist;
				INFOPLIST_KEY_UIApplicationSupportsIndirectInputEvents = YES;
				INFOPLIST_KEY_UILaunchStoryboardName = LaunchScreen;
				INFOPLIST_KEY_UIMainStoryboardFile = Main;
				INFOPLIST_KEY_UISupportedInterfaceOrientations_iPad = "UIInterfaceOrientationPortrait UIInterfaceOrientationPortraitUpsideDown UIInterfaceOrientationLandscapeLeft UIInterfaceOrientationLandscapeRight";
				INFOPLIST_KEY_UISupportedInterfaceOrientations_iPhone = "UIInterfaceOrientationPortrait UIInterfaceOrientationLandscapeLeft UIInterfaceOrientationLandscapeRight";
				LD_RUNPATH_SEARCH_PATHS = (
					"$(inherited)",
					"@executable_path/Frameworks",
				);
				MARKETING_VERSION = 1.0;
				PRODUCT_BUNDLE_IDENTIFIER = "com.wackit.1D1S.-D1S";
				PRODUCT_NAME = "$(TARGET_NAME)";
				SWIFT_EMIT_LOC_STRINGS = YES;
				SWIFT_VERSION = 5.0;
				TARGETED_DEVICE_FAMILY = "1,2";
			};
			name = Debug;
		};
		F163848A2D4CE8F8002F426A /* Release */ = {
			isa = XCBuildConfiguration;
			buildSettings = {
				ASSETCATALOG_COMPILER_APPICON_NAME = AppIcon;
				ASSETCATALOG_COMPILER_GLOBAL_ACCENT_COLOR_NAME = AccentColor;
				CODE_SIGN_STYLE = Automatic;
				CURRENT_PROJECT_VERSION = 1;
				DEVELOPMENT_TEAM = 3GP97WXHSG;
				GENERATE_INFOPLIST_FILE = YES;
				INFOPLIST_FILE = 1D1S/Info.plist;
				INFOPLIST_KEY_UIApplicationSupportsIndirectInputEvents = YES;
				INFOPLIST_KEY_UILaunchStoryboardName = LaunchScreen;
				INFOPLIST_KEY_UIMainStoryboardFile = Main;
				INFOPLIST_KEY_UISupportedInterfaceOrientations_iPad = "UIInterfaceOrientationPortrait UIInterfaceOrientationPortraitUpsideDown UIInterfaceOrientationLandscapeLeft UIInterfaceOrientationLandscapeRight";
				INFOPLIST_KEY_UISupportedInterfaceOrientations_iPhone = "UIInterfaceOrientationPortrait UIInterfaceOrientationLandscapeLeft UIInterfaceOrientationLandscapeRight";
				LD_RUNPATH_SEARCH_PATHS = (
					"$(inherited)",
					"@executable_path/Frameworks",
				);
				MARKETING_VERSION = 1.0;
				PRODUCT_BUNDLE_IDENTIFIER = "com.wackit.1D1S.-D1S";
				PRODUCT_NAME = "$(TARGET_NAME)";
				SWIFT_EMIT_LOC_STRINGS = YES;
				SWIFT_VERSION = 5.0;
				TARGETED_DEVICE_FAMILY = "1,2";
			};
			name = Release;
		};
		F163848B2D4CE8F8002F426A /* Debug */ = {
			isa = XCBuildConfiguration;
			buildSettings = {
				ALWAYS_SEARCH_USER_PATHS = NO;
				ASSETCATALOG_COMPILER_GENERATE_SWIFT_ASSET_SYMBOL_EXTENSIONS = YES;
				CLANG_ANALYZER_NONNULL = YES;
				CLANG_ANALYZER_NUMBER_OBJECT_CONVERSION = YES_AGGRESSIVE;
				CLANG_CXX_LANGUAGE_STANDARD = "gnu++20";
				CLANG_ENABLE_MODULES = YES;
				CLANG_ENABLE_OBJC_ARC = YES;
				CLANG_ENABLE_OBJC_WEAK = YES;
				CLANG_WARN_BLOCK_CAPTURE_AUTORELEASING = YES;
				CLANG_WARN_BOOL_CONVERSION = YES;
				CLANG_WARN_COMMA = YES;
				CLANG_WARN_CONSTANT_CONVERSION = YES;
				CLANG_WARN_DEPRECATED_OBJC_IMPLEMENTATIONS = YES;
				CLANG_WARN_DIRECT_OBJC_ISA_USAGE = YES_ERROR;
				CLANG_WARN_DOCUMENTATION_COMMENTS = YES;
				CLANG_WARN_EMPTY_BODY = YES;
				CLANG_WARN_ENUM_CONVERSION = YES;
				CLANG_WARN_INFINITE_RECURSION = YES;
				CLANG_WARN_INT_CONVERSION = YES;
				CLANG_WARN_NON_LITERAL_NULL_CONVERSION = YES;
				CLANG_WARN_OBJC_IMPLICIT_RETAIN_SELF = YES;
				CLANG_WARN_OBJC_LITERAL_CONVERSION = YES;
				CLANG_WARN_OBJC_ROOT_CLASS = YES_ERROR;
				CLANG_WARN_QUOTED_INCLUDE_IN_FRAMEWORK_HEADER = YES;
				CLANG_WARN_RANGE_LOOP_ANALYSIS = YES;
				CLANG_WARN_STRICT_PROTOTYPES = YES;
				CLANG_WARN_SUSPICIOUS_MOVE = YES;
				CLANG_WARN_UNGUARDED_AVAILABILITY = YES_AGGRESSIVE;
				CLANG_WARN_UNREACHABLE_CODE = YES;
				CLANG_WARN__DUPLICATE_METHOD_MATCH = YES;
				COPY_PHASE_STRIP = NO;
				DEBUG_INFORMATION_FORMAT = dwarf;
				ENABLE_STRICT_OBJC_MSGSEND = YES;
				ENABLE_TESTABILITY = YES;
				ENABLE_USER_SCRIPT_SANDBOXING = YES;
				GCC_C_LANGUAGE_STANDARD = gnu17;
				GCC_DYNAMIC_NO_PIC = NO;
				GCC_NO_COMMON_BLOCKS = YES;
				GCC_OPTIMIZATION_LEVEL = 0;
				GCC_PREPROCESSOR_DEFINITIONS = (
					"DEBUG=1",
					"$(inherited)",
				);
				GCC_WARN_64_TO_32_BIT_CONVERSION = YES;
				GCC_WARN_ABOUT_RETURN_TYPE = YES_ERROR;
				GCC_WARN_UNDECLARED_SELECTOR = YES;
				GCC_WARN_UNINITIALIZED_AUTOS = YES_AGGRESSIVE;
				GCC_WARN_UNUSED_FUNCTION = YES;
				GCC_WARN_UNUSED_VARIABLE = YES;
				IPHONEOS_DEPLOYMENT_TARGET = 18.1;
				LOCALIZATION_PREFERS_STRING_CATALOGS = YES;
				MTL_ENABLE_DEBUG_INFO = INCLUDE_SOURCE;
				MTL_FAST_MATH = YES;
				ONLY_ACTIVE_ARCH = YES;
				SDKROOT = iphoneos;
				SWIFT_ACTIVE_COMPILATION_CONDITIONS = "DEBUG $(inherited)";
				SWIFT_OPTIMIZATION_LEVEL = "-Onone";
			};
			name = Debug;
		};
		F163848C2D4CE8F8002F426A /* Release */ = {
			isa = XCBuildConfiguration;
			buildSettings = {
				ALWAYS_SEARCH_USER_PATHS = NO;
				ASSETCATALOG_COMPILER_GENERATE_SWIFT_ASSET_SYMBOL_EXTENSIONS = YES;
				CLANG_ANALYZER_NONNULL = YES;
				CLANG_ANALYZER_NUMBER_OBJECT_CONVERSION = YES_AGGRESSIVE;
				CLANG_CXX_LANGUAGE_STANDARD = "gnu++20";
				CLANG_ENABLE_MODULES = YES;
				CLANG_ENABLE_OBJC_ARC = YES;
				CLANG_ENABLE_OBJC_WEAK = YES;
				CLANG_WARN_BLOCK_CAPTURE_AUTORELEASING = YES;
				CLANG_WARN_BOOL_CONVERSION = YES;
				CLANG_WARN_COMMA = YES;
				CLANG_WARN_CONSTANT_CONVERSION = YES;
				CLANG_WARN_DEPRECATED_OBJC_IMPLEMENTATIONS = YES;
				CLANG_WARN_DIRECT_OBJC_ISA_USAGE = YES_ERROR;
				CLANG_WARN_DOCUMENTATION_COMMENTS = YES;
				CLANG_WARN_EMPTY_BODY = YES;
				CLANG_WARN_ENUM_CONVERSION = YES;
				CLANG_WARN_INFINITE_RECURSION = YES;
				CLANG_WARN_INT_CONVERSION = YES;
				CLANG_WARN_NON_LITERAL_NULL_CONVERSION = YES;
				CLANG_WARN_OBJC_IMPLICIT_RETAIN_SELF = YES;
				CLANG_WARN_OBJC_LITERAL_CONVERSION = YES;
				CLANG_WARN_OBJC_ROOT_CLASS = YES_ERROR;
				CLANG_WARN_QUOTED_INCLUDE_IN_FRAMEWORK_HEADER = YES;
				CLANG_WARN_RANGE_LOOP_ANALYSIS = YES;
				CLANG_WARN_STRICT_PROTOTYPES = YES;
				CLANG_WARN_SUSPICIOUS_MOVE = YES;
				CLANG_WARN_UNGUARDED_AVAILABILITY = YES_AGGRESSIVE;
				CLANG_WARN_UNREACHABLE_CODE = YES;
				CLANG_WARN__DUPLICATE_METHOD_MATCH = YES;
				COPY_PHASE_STRIP = NO;
				DEBUG_INFORMATION_FORMAT = "dwarf-with-dsym";
				ENABLE_NS_ASSERTIONS = NO;
				ENABLE_STRICT_OBJC_MSGSEND = YES;
				ENABLE_USER_SCRIPT_SANDBOXING = YES;
				GCC_C_LANGUAGE_STANDARD = gnu17;
				GCC_NO_COMMON_BLOCKS = YES;
				GCC_WARN_64_TO_32_BIT_CONVERSION = YES;
				GCC_WARN_ABOUT_RETURN_TYPE = YES_ERROR;
				GCC_WARN_UNDECLARED_SELECTOR = YES;
				GCC_WARN_UNINITIALIZED_AUTOS = YES_AGGRESSIVE;
				GCC_WARN_UNUSED_FUNCTION = YES;
				GCC_WARN_UNUSED_VARIABLE = YES;
				IPHONEOS_DEPLOYMENT_TARGET = 18.1;
				LOCALIZATION_PREFERS_STRING_CATALOGS = YES;
				MTL_ENABLE_DEBUG_INFO = NO;
				MTL_FAST_MATH = YES;
				SDKROOT = iphoneos;
				SWIFT_COMPILATION_MODE = wholemodule;
				VALIDATE_PRODUCT = YES;
			};
			name = Release;
		};
		F163848E2D4CE8F8002F426A /* Debug */ = {
			isa = XCBuildConfiguration;
			buildSettings = {
				BUNDLE_LOADER = "$(TEST_HOST)";
				CODE_SIGN_STYLE = Automatic;
				CURRENT_PROJECT_VERSION = 1;
				DEVELOPMENT_TEAM = 3GP97WXHSG;
				GENERATE_INFOPLIST_FILE = YES;
				IPHONEOS_DEPLOYMENT_TARGET = 18.1;
				MARKETING_VERSION = 1.0;
				PRODUCT_BUNDLE_IDENTIFIER = "com.wackit.1D1S.-D1STests";
				PRODUCT_NAME = "$(TARGET_NAME)";
				SWIFT_EMIT_LOC_STRINGS = NO;
				SWIFT_VERSION = 5.0;
				TARGETED_DEVICE_FAMILY = "1,2";
				TEST_HOST = "$(BUILT_PRODUCTS_DIR)/1D1S.app/$(BUNDLE_EXECUTABLE_FOLDER_PATH)/1D1S";
			};
			name = Debug;
		};
		F163848F2D4CE8F8002F426A /* Release */ = {
			isa = XCBuildConfiguration;
			buildSettings = {
				BUNDLE_LOADER = "$(TEST_HOST)";
				CODE_SIGN_STYLE = Automatic;
				CURRENT_PROJECT_VERSION = 1;
				DEVELOPMENT_TEAM = 3GP97WXHSG;
				GENERATE_INFOPLIST_FILE = YES;
				IPHONEOS_DEPLOYMENT_TARGET = 18.1;
				MARKETING_VERSION = 1.0;
				PRODUCT_BUNDLE_IDENTIFIER = "com.wackit.1D1S.-D1STests";
				PRODUCT_NAME = "$(TARGET_NAME)";
				SWIFT_EMIT_LOC_STRINGS = NO;
				SWIFT_VERSION = 5.0;
				TARGETED_DEVICE_FAMILY = "1,2";
				TEST_HOST = "$(BUILT_PRODUCTS_DIR)/1D1S.app/$(BUNDLE_EXECUTABLE_FOLDER_PATH)/1D1S";
			};
			name = Release;
		};
		F16384912D4CE8F8002F426A /* Debug */ = {
			isa = XCBuildConfiguration;
			buildSettings = {
				CODE_SIGN_STYLE = Automatic;
				CURRENT_PROJECT_VERSION = 1;
				DEVELOPMENT_TEAM = 3GP97WXHSG;
				GENERATE_INFOPLIST_FILE = YES;
				MARKETING_VERSION = 1.0;
				PRODUCT_BUNDLE_IDENTIFIER = "com.wackit.1D1S.-D1SUITests";
				PRODUCT_NAME = "$(TARGET_NAME)";
				SWIFT_EMIT_LOC_STRINGS = NO;
				SWIFT_VERSION = 5.0;
				TARGETED_DEVICE_FAMILY = "1,2";
				TEST_TARGET_NAME = 1D1S;
			};
			name = Debug;
		};
		F16384922D4CE8F8002F426A /* Release */ = {
			isa = XCBuildConfiguration;
			buildSettings = {
				CODE_SIGN_STYLE = Automatic;
				CURRENT_PROJECT_VERSION = 1;
				DEVELOPMENT_TEAM = 3GP97WXHSG;
				GENERATE_INFOPLIST_FILE = YES;
				MARKETING_VERSION = 1.0;
				PRODUCT_BUNDLE_IDENTIFIER = "com.wackit.1D1S.-D1SUITests";
				PRODUCT_NAME = "$(TARGET_NAME)";
				SWIFT_EMIT_LOC_STRINGS = NO;
				SWIFT_VERSION = 5.0;
				TARGETED_DEVICE_FAMILY = "1,2";
				TEST_TARGET_NAME = 1D1S;
			};
			name = Release;
		};
/* End XCBuildConfiguration section */

/* Begin XCConfigurationList section */
		F163845A2D4CE8F6002F426A /* Build configuration list for PBXProject "1D1S" */ = {
			isa = XCConfigurationList;
			buildConfigurations = (
				F163848B2D4CE8F8002F426A /* Debug */,
				F163848C2D4CE8F8002F426A /* Release */,
			);
			defaultConfigurationIsVisible = 0;
			defaultConfigurationName = Release;
		};
		F16384882D4CE8F8002F426A /* Build configuration list for PBXNativeTarget "1D1S" */ = {
			isa = XCConfigurationList;
			buildConfigurations = (
				F16384892D4CE8F8002F426A /* Debug */,
				F163848A2D4CE8F8002F426A /* Release */,
			);
			defaultConfigurationIsVisible = 0;
			defaultConfigurationName = Release;
		};
		F163848D2D4CE8F8002F426A /* Build configuration list for PBXNativeTarget "1D1STests" */ = {
			isa = XCConfigurationList;
			buildConfigurations = (
				F163848E2D4CE8F8002F426A /* Debug */,
				F163848F2D4CE8F8002F426A /* Release */,
			);
			defaultConfigurationIsVisible = 0;
			defaultConfigurationName = Release;
		};
		F16384902D4CE8F8002F426A /* Build configuration list for PBXNativeTarget "1D1SUITests" */ = {
			isa = XCConfigurationList;
			buildConfigurations = (
				F16384912D4CE8F8002F426A /* Debug */,
				F16384922D4CE8F8002F426A /* Release */,
			);
			defaultConfigurationIsVisible = 0;
			defaultConfigurationName = Release;
		};
/* End XCConfigurationList section */
	};
	rootObject = F16384572D4CE8F6002F426A /* Project object */;
}
